
Microsoft Visual Studio Solution File, Format Version 12.00
# Visual Studio Version 17
VisualStudioVersion = 17.4.33213.308
MinimumVisualStudioVersion = 10.0.40219.1
Project("{9A19103F-16F7-4668-BE54-9A1E7A4F7556}") = "eBike", "eBike\eBike.csproj", "{7B8E0E69-5399-4399-B7A8-61AAE4FA9EB6}"
EndProject
Project("{9A19103F-16F7-4668-BE54-9A1E7A4F7556}") = "PurchasingSystem", "PurchasingSystem\PurchasingSystem.csproj", "{FDADF417-C473-4A94-B543-449C26626310}"
EndProject
Project("{FAE04EC0-301F-11D3-BF4B-00C04F79EFBC}") = "ReceivingSystem", "ReceivingSystem\ReceivingSystem.csproj", "{97707DF0-5D12-445F-9D83-7E4162932FEA}"
EndProject
Project("{FAE04EC0-301F-11D3-BF4B-00C04F79EFBC}") = "SalesSystem", "SalesSystem\SalesSystem.csproj", "{80A1EF84-5B57-4E00-9E53-0005932921FE}"
EndProject
Project("{FAE04EC0-301F-11D3-BF4B-00C04F79EFBC}") = "ServicingSystem", "ServicingSystem\ServicingSystem.csproj", "{AFD9FEA1-650C-4838-8FC3-D526F32F2135}"
EndProject
Global
	GlobalSection(SolutionConfigurationPlatforms) = preSolution
		Debug|Any CPU = Debug|Any CPU
		Release|Any CPU = Release|Any CPU
	EndGlobalSection
	GlobalSection(ProjectConfigurationPlatforms) = postSolution
		{7B8E0E69-5399-4399-B7A8-61AAE4FA9EB6}.Debug|Any CPU.ActiveCfg = Debug|Any CPU
		{7B8E0E69-5399-4399-B7A8-61AAE4FA9EB6}.Debug|Any CPU.Build.0 = Debug|Any CPU
		{7B8E0E69-5399-4399-B7A8-61AAE4FA9EB6}.Release|Any CPU.ActiveCfg = Release|Any CPU
		{7B8E0E69-5399-4399-B7A8-61AAE4FA9EB6}.Release|Any CPU.Build.0 = Release|Any CPU
		{FDADF417-C473-4A94-B543-449C26626310}.Debug|Any CPU.ActiveCfg = Debug|Any CPU
		{FDADF417-C473-4A94-B543-449C26626310}.Debug|Any CPU.Build.0 = Debug|Any CPU
		{FDADF417-C473-4A94-B543-449C26626310}.Release|Any CPU.ActiveCfg = Release|Any CPU
		{FDADF417-C473-4A94-B543-449C26626310}.Release|Any CPU.Build.0 = Release|Any CPU
		{97707DF0-5D12-445F-9D83-7E4162932FEA}.Debug|Any CPU.ActiveCfg = Debug|Any CPU
		{97707DF0-5D12-445F-9D83-7E4162932FEA}.Debug|Any CPU.Build.0 = Debug|Any CPU
		{97707DF0-5D12-445F-9D83-7E4162932FEA}.Release|Any CPU.ActiveCfg = Release|Any CPU
		{97707DF0-5D12-445F-9D83-7E4162932FEA}.Release|Any CPU.Build.0 = Release|Any CPU
		{80A1EF84-5B57-4E00-9E53-0005932921FE}.Debug|Any CPU.ActiveCfg = Debug|Any CPU
		{80A1EF84-5B57-4E00-9E53-0005932921FE}.Debug|Any CPU.Build.0 = Debug|Any CPU
		{80A1EF84-5B57-4E00-9E53-0005932921FE}.Release|Any CPU.ActiveCfg = Release|Any CPU
		{80A1EF84-5B57-4E00-9E53-0005932921FE}.Release|Any CPU.Build.0 = Release|Any CPU
		{AFD9FEA1-650C-4838-8FC3-D526F32F2135}.Debug|Any CPU.ActiveCfg = Debug|Any CPU
		{AFD9FEA1-650C-4838-8FC3-D526F32F2135}.Debug|Any CPU.Build.0 = Debug|Any CPU
		{AFD9FEA1-650C-4838-8FC3-D526F32F2135}.Release|Any CPU.ActiveCfg = Release|Any CPU
		{AFD9FEA1-650C-4838-8FC3-D526F32F2135}.Release|Any CPU.Build.0 = Release|Any CPU
	EndGlobalSection
	GlobalSection(SolutionProperties) = preSolution
		HideSolutionNode = FALSE
	EndGlobalSection
	GlobalSection(ExtensibilityGlobals) = postSolution
		SolutionGuid = {4D3A8E0A-E6E9-4114-BD63-C2F5E91067FD}
	EndGlobalSection
EndGlobal
